{
  "name": "judo-front",
  "version": "0.1.0",
  "lockfileVersion": 1,
  "requires": true,
  "dependencies": {
    "https": {
      "version": "1.0.0",
      "resolved": "https://registry.npmjs.org/https/-/https-1.0.0.tgz",
      "integrity": "sha512-4EC57ddXrkaF0x83Oj8sM6SLQHAWXw90Skqu2M4AEWENZ3F02dFJE/GARA8igO79tcgYqGrD7ae4f5L3um2lgg=="
    },
    "react-icons": {
      "version": "4.12.0",
      "resolved": "https://registry.npmjs.org/react-icons/-/react-icons-4.12.0.tgz",
      "integrity": "sha512-IBaDuHiShdZqmfc/TwHu6+d6k2ltNCf3AszxNmjJc1KUfXdEeRJOKyNvLmAHaarhzGmTSVygNdyu8/opXv2gaw=="
    }
  }
}
